
Microsoft Visual Studio Solution File, Format Version 12.00
# Visual Studio Version 17
VisualStudioVersion = 17.7.34202.233
MinimumVisualStudioVersion = 10.0.40219.1
Project("{FAE04EC0-301F-11D3-BF4B-00C04F79EFBC}") = "MasterAuth", "MasterAuth\MasterAuth.csproj", "{7F08EB36-B910-4EBF-9C2E-1BD8009964E6}"
EndProject
Project("{FAE04EC0-301F-11D3-BF4B-00C04F79EFBC}") = "Core", "Core\Core.csproj", "{AFC59F12-E501-48A4-9AF4-0599205ACAC7}"
EndProject
Project("{FAE04EC0-301F-11D3-BF4B-00C04F79EFBC}") = "Database", "Database\Database.csproj", "{A4AC7A78-1EFF-405A-96F3-251F75CBFDBB}"
EndProject
Project("{FAE04EC0-301F-11D3-BF4B-00C04F79EFBC}") = "Business", "Business\Business.csproj", "{C5675ABF-902A-49F6-8F73-5FC200807A4A}"
EndProject
Global
	GlobalSection(SolutionConfigurationPlatforms) = preSolution
		Debug|Any CPU = Debug|Any CPU
		Release|Any CPU = Release|Any CPU
	EndGlobalSection
	GlobalSection(ProjectConfigurationPlatforms) = postSolution
		{7F08EB36-B910-4EBF-9C2E-1BD8009964E6}.Debug|Any CPU.ActiveCfg = Debug|Any CPU
		{7F08EB36-B910-4EBF-9C2E-1BD8009964E6}.Debug|Any CPU.Build.0 = Debug|Any CPU
		{7F08EB36-B910-4EBF-9C2E-1BD8009964E6}.Release|Any CPU.ActiveCfg = Release|Any CPU
		{7F08EB36-B910-4EBF-9C2E-1BD8009964E6}.Release|Any CPU.Build.0 = Release|Any CPU
		{AFC59F12-E501-48A4-9AF4-0599205ACAC7}.Debug|Any CPU.ActiveCfg = Debug|Any CPU
		{AFC59F12-E501-48A4-9AF4-0599205ACAC7}.Debug|Any CPU.Build.0 = Debug|Any CPU
		{AFC59F12-E501-48A4-9AF4-0599205ACAC7}.Release|Any CPU.ActiveCfg = Release|Any CPU
		{AFC59F12-E501-48A4-9AF4-0599205ACAC7}.Release|Any CPU.Build.0 = Release|Any CPU
		{A4AC7A78-1EFF-405A-96F3-251F75CBFDBB}.Debug|Any CPU.ActiveCfg = Debug|Any CPU
		{A4AC7A78-1EFF-405A-96F3-251F75CBFDBB}.Debug|Any CPU.Build.0 = Debug|Any CPU
		{A4AC7A78-1EFF-405A-96F3-251F75CBFDBB}.Release|Any CPU.ActiveCfg = Release|Any CPU
		{A4AC7A78-1EFF-405A-96F3-251F75CBFDBB}.Release|Any CPU.Build.0 = Release|Any CPU
		{C5675ABF-902A-49F6-8F73-5FC200807A4A}.Debug|Any CPU.ActiveCfg = Debug|Any CPU
		{C5675ABF-902A-49F6-8F73-5FC200807A4A}.Debug|Any CPU.Build.0 = Debug|Any CPU
		{C5675ABF-902A-49F6-8F73-5FC200807A4A}.Release|Any CPU.ActiveCfg = Release|Any CPU
		{C5675ABF-902A-49F6-8F73-5FC200807A4A}.Release|Any CPU.Build.0 = Release|Any CPU
	EndGlobalSection
	GlobalSection(SolutionProperties) = preSolution
		HideSolutionNode = FALSE
	EndGlobalSection
	GlobalSection(ExtensibilityGlobals) = postSolution
		SolutionGuid = {F2221346-1FEF-41A4-9E06-4958EC3DB758}
	EndGlobalSection
EndGlobal
